// !$*UTF8*$!
{
	archiveVersion = 1;
	classes = {
	};
	objectVersion = 55;
	objects = {

/* Begin PBXBuildFile section */
		2222D52328A7FDBE00C0EF1D /* AppDelegate.swift in Sources */ = {isa = PBXBuildFile; fileRef = 2222D52228A7FDBE00C0EF1D /* AppDelegate.swift */; };
		2222D52528A7FDBE00C0EF1D /* SceneDelegate.swift in Sources */ = {isa = PBXBuildFile; fileRef = 2222D52428A7FDBE00C0EF1D /* SceneDelegate.swift */; };
		2222D52728A7FDBE00C0EF1D /* ViewController.swift in Sources */ = {isa = PBXBuildFile; fileRef = 2222D52628A7FDBE00C0EF1D /* ViewController.swift */; };
		2222D52A28A7FDBE00C0EF1D /* Main.storyboard in Resources */ = {isa = PBXBuildFile; fileRef = 2222D52828A7FDBE00C0EF1D /* Main.storyboard */; };
		2222D52C28A7FDBF00C0EF1D /* Assets.xcassets in Resources */ = {isa = PBXBuildFile; fileRef = 2222D52B28A7FDBF00C0EF1D /* Assets.xcassets */; };
		2222D52F28A7FDBF00C0EF1D /* LaunchScreen.storyboard in Resources */ = {isa = PBXBuildFile; fileRef = 2222D52D28A7FDBF00C0EF1D /* LaunchScreen.storyboard */; };
		2222D53A28A7FDBF00C0EF1D /* Design_Patterns_QuizzlerTests.swift in Sources */ = {isa = PBXBuildFile; fileRef = 2222D53928A7FDBF00C0EF1D /* Design_Patterns_QuizzlerTests.swift */; };
		2222D54428A7FDBF00C0EF1D /* Design_Patterns_QuizzlerUITests.swift in Sources */ = {isa = PBXBuildFile; fileRef = 2222D54328A7FDBF00C0EF1D /* Design_Patterns_QuizzlerUITests.swift */; };
		2222D54628A7FDBF00C0EF1D /* Design_Patterns_QuizzlerUITestsLaunchTests.swift in Sources */ = {isa = PBXBuildFile; fileRef = 2222D54528A7FDBF00C0EF1D /* Design_Patterns_QuizzlerUITestsLaunchTests.swift */; };
/* End PBXBuildFile section */

/* Begin PBXContainerItemProxy section */
		2222D53628A7FDBF00C0EF1D /* PBXContainerItemProxy */ = {
			isa = PBXContainerItemProxy;
			containerPortal = 2222D51728A7FDBE00C0EF1D /* Project object */;
			proxyType = 1;
			remoteGlobalIDString = 2222D51E28A7FDBE00C0EF1D;
			remoteInfo = "Design Patterns Quizzler";
		};
		2222D54028A7FDBF00C0EF1D /* PBXContainerItemProxy */ = {
			isa = PBXContainerItemProxy;
			containerPortal = 2222D51728A7FDBE00C0EF1D /* Project object */;
			proxyType = 1;
			remoteGlobalIDString = 2222D51E28A7FDBE00C0EF1D;
			remoteInfo = "Design Patterns Quizzler";
		};
/* End PBXContainerItemProxy section */

/* Begin PBXFileReference section */
		2222D51F28A7FDBE00C0EF1D /* Design Patterns Quizzler.app */ = {isa = PBXFileReference; explicitFileType = wrapper.application; includeInIndex = 0; path = "Design Patterns Quizzler.app"; sourceTree = BUILT_PRODUCTS_DIR; };
		2222D52228A7FDBE00C0EF1D /* AppDelegate.swift */ = {isa = PBXFileReference; lastKnownFileType = sourcecode.swift; path = AppDelegate.swift; sourceTree = "<group>"; };
		2222D52428A7FDBE00C0EF1D /* SceneDelegate.swift */ = {isa = PBXFileReference; lastKnownFileType = sourcecode.swift; path = SceneDelegate.swift; sourceTree = "<group>"; };
		2222D52628A7FDBE00C0EF1D /* ViewController.swift */ = {isa = PBXFileReference; lastKnownFileType = sourcecode.swift; path = ViewController.swift; sourceTree = "<group>"; };
		2222D52928A7FDBE00C0EF1D /* Base */ = {isa = PBXFileReference; lastKnownFileType = file.storyboard; name = Base; path = Base.lproj/Main.storyboard; sourceTree = "<group>"; };
		2222D52B28A7FDBF00C0EF1D /* Assets.xcassets */ = {isa = PBXFileReference; lastKnownFileType = folder.assetcatalog; path = Assets.xcassets; sourceTree = "<group>"; };
		2222D52E28A7FDBF00C0EF1D /* Base */ = {isa = PBXFileReference; lastKnownFileType = file.storyboard; name = Base; path = Base.lproj/LaunchScreen.storyboard; sourceTree = "<group>"; };
		2222D53028A7FDBF00C0EF1D /* Info.plist */ = {isa = PBXFileReference; lastKnownFileType = text.plist.xml; path = Info.plist; sourceTree = "<group>"; };
		2222D53528A7FDBF00C0EF1D /* Design Patterns QuizzlerTests.xctest */ = {isa = PBXFileReference; explicitFileType = wrapper.cfbundle; includeInIndex = 0; path = "Design Patterns QuizzlerTests.xctest"; sourceTree = BUILT_PRODUCTS_DIR; };
		2222D53928A7FDBF00C0EF1D /* Design_Patterns_QuizzlerTests.swift */ = {isa = PBXFileReference; lastKnownFileType = sourcecode.swift; path = Design_Patterns_QuizzlerTests.swift; sourceTree = "<group>"; };
		2222D53F28A7FDBF00C0EF1D /* Design Patterns QuizzlerUITests.xctest */ = {isa = PBXFileReference; explicitFileType = wrapper.cfbundle; includeInIndex = 0; path = "Design Patterns QuizzlerUITests.xctest"; sourceTree = BUILT_PRODUCTS_DIR; };
		2222D54328A7FDBF00C0EF1D /* Design_Patterns_QuizzlerUITests.swift */ = {isa = PBXFileReference; lastKnownFileType = sourcecode.swift; path = Design_Patterns_QuizzlerUITests.swift; sourceTree = "<group>"; };
		2222D54528A7FDBF00C0EF1D /* Design_Patterns_QuizzlerUITestsLaunchTests.swift */ = {isa = PBXFileReference; lastKnownFileType = sourcecode.swift; path = Design_Patterns_QuizzlerUITestsLaunchTests.swift; sourceTree = "<group>"; };
/* End PBXFileReference section */

/* Begin PBXFrameworksBuildPhase section */
		2222D51C28A7FDBE00C0EF1D /* Frameworks */ = {
			isa = PBXFrameworksBuildPhase;
			buildActionMask = 2147483647;
			files = (
			);
			runOnlyForDeploymentPostprocessing = 0;
		};
		2222D53228A7FDBF00C0EF1D /* Frameworks */ = {
			isa = PBXFrameworksBuildPhase;
			buildActionMask = 2147483647;
			files = (
			);
			runOnlyForDeploymentPostprocessing = 0;
		};
		2222D53C28A7FDBF00C0EF1D /* Frameworks */ = {
			isa = PBXFrameworksBuildPhase;
			buildActionMask = 2147483647;
			files = (
			);
			runOnlyForDeploymentPostprocessing = 0;
		};
/* End PBXFrameworksBuildPhase section */

/* Begin PBXGroup section */
		2222D51628A7FDBE00C0EF1D = {
			isa = PBXGroup;
			children = (
				2222D52128A7FDBE00C0EF1D /* Design Patterns Quizzler */,
				2222D53828A7FDBF00C0EF1D /* Design Patterns QuizzlerTests */,
				2222D54228A7FDBF00C0EF1D /* Design Patterns QuizzlerUITests */,
				2222D52028A7FDBE00C0EF1D /* Products */,
			);
			sourceTree = "<group>";
		};
		2222D52028A7FDBE00C0EF1D /* Products */ = {
			isa = PBXGroup;
			children = (
				2222D51F28A7FDBE00C0EF1D /* Design Patterns Quizzler.app */,
				2222D53528A7FDBF00C0EF1D /* Design Patterns QuizzlerTests.xctest */,
				2222D53F28A7FDBF00C0EF1D /* Design Patterns QuizzlerUITests.xctest */,
			);
			name = Products;
			sourceTree = "<group>";
		};
		2222D52128A7FDBE00C0EF1D /* Design Patterns Quizzler */ = {
			isa = PBXGroup;
			children = (
				2222D52228A7FDBE00C0EF1D /* AppDelegate.swift */,
				2222D52428A7FDBE00C0EF1D /* SceneDelegate.swift */,
				2222D52628A7FDBE00C0EF1D /* ViewController.swift */,
				2222D52828A7FDBE00C0EF1D /* Main.storyboard */,
				2222D52B28A7FDBF00C0EF1D /* Assets.xcassets */,
				2222D52D28A7FDBF00C0EF1D /* LaunchScreen.storyboard */,
				2222D53028A7FDBF00C0EF1D /* Info.plist */,
			);
			path = "Design Patterns Quizzler";
			sourceTree = "<group>";
		};
		2222D53828A7FDBF00C0EF1D /* Design Patterns QuizzlerTests */ = {
			isa = PBXGroup;
			children = (
				2222D53928A7FDBF00C0EF1D /* Design_Patterns_QuizzlerTests.swift */,
			);
			path = "Design Patterns QuizzlerTests";
			sourceTree = "<group>";
		};
		2222D54228A7FDBF00C0EF1D /* Design Patterns QuizzlerUITests */ = {
			isa = PBXGroup;
			children = (
				2222D54328A7FDBF00C0EF1D /* Design_Patterns_QuizzlerUITests.swift */,
				2222D54528A7FDBF00C0EF1D /* Design_Patterns_QuizzlerUITestsLaunchTests.swift */,
			);
			path = "Design Patterns QuizzlerUITests";
			sourceTree = "<group>";
		};
/* End PBXGroup section */

/* Begin PBXNativeTarget section */
		2222D51E28A7FDBE00C0EF1D /* Design Patterns Quizzler */ = {
			isa = PBXNativeTarget;
			buildConfigurationList = 2222D54928A7FDBF00C0EF1D /* Build configuration list for PBXNativeTarget "Design Patterns Quizzler" */;
			buildPhases = (
				2222D51B28A7FDBE00C0EF1D /* Sources */,
				2222D51C28A7FDBE00C0EF1D /* Frameworks */,
				2222D51D28A7FDBE00C0EF1D /* Resources */,
			);
			buildRules = (
			);
			dependencies = (
			);
			name = "Design Patterns Quizzler";
			productName = "Design Patterns Quizzler";
			productReference = 2222D51F28A7FDBE00C0EF1D /* Design Patterns Quizzler.app */;
			productType = "com.apple.product-type.application";
		};
		2222D53428A7FDBF00C0EF1D /* Design Patterns QuizzlerTests */ = {
			isa = PBXNativeTarget;
			buildConfigurationList = 2222D54C28A7FDBF00C0EF1D /* Build configuration list for PBXNativeTarget "Design Patterns QuizzlerTests" */;
			buildPhases = (
				2222D53128A7FDBF00C0EF1D /* Sources */,
				2222D53228A7FDBF00C0EF1D /* Frameworks */,
				2222D53328A7FDBF00C0EF1D /* Resources */,
			);
			buildRules = (
			);
			dependencies = (
				2222D53728A7FDBF00C0EF1D /* PBXTargetDependency */,
			);
			name = "Design Patterns QuizzlerTests";
			productName = "Design Patterns QuizzlerTests";
			productReference = 2222D53528A7FDBF00C0EF1D /* Design Patterns QuizzlerTests.xctest */;
			productType = "com.apple.product-type.bundle.unit-test";
		};
		2222D53E28A7FDBF00C0EF1D /* Design Patterns QuizzlerUITests */ = {
			isa = PBXNativeTarget;
			buildConfigurationList = 2222D54F28A7FDBF00C0EF1D /* Build configuration list for PBXNativeTarget "Design Patterns QuizzlerUITests" */;
			buildPhases = (
				2222D53B28A7FDBF00C0EF1D /* Sources */,
				2222D53C28A7FDBF00C0EF1D /* Frameworks */,
				2222D53D28A7FDBF00C0EF1D /* Resources */,
			);
			buildRules = (
			);
			dependencies = (
				2222D54128A7FDBF00C0EF1D /* PBXTargetDependency */,
			);
			name = "Design Patterns QuizzlerUITests";
			productName = "Design Patterns QuizzlerUITests";
			productReference = 2222D53F28A7FDBF00C0EF1D /* Design Patterns QuizzlerUITests.xctest */;
			productType = "com.apple.product-type.bundle.ui-testing";
		};
/* End PBXNativeTarget section */

/* Begin PBXProject section */
		2222D51728A7FDBE00C0EF1D /* Project object */ = {
			isa = PBXProject;
			attributes = {
				BuildIndependentTargetsInParallel = 1;
				LastSwiftUpdateCheck = 1340;
				LastUpgradeCheck = 1340;
				TargetAttributes = {
					2222D51E28A7FDBE00C0EF1D = {
						CreatedOnToolsVersion = 13.4.1;
					};
					2222D53428A7FDBF00C0EF1D = {
						CreatedOnToolsVersion = 13.4.1;
						TestTargetID = 2222D51E28A7FDBE00C0EF1D;
					};
					2222D53E28A7FDBF00C0EF1D = {
						CreatedOnToolsVersion = 13.4.1;
						TestTargetID = 2222D51E28A7FDBE00C0EF1D;
					};
				};
			};
			buildConfigurationList = 2222D51A28A7FDBE00C0EF1D /* Build configuration list for PBXProject "Design Patterns Quizzler" */;
			compatibilityVersion = "Xcode 13.0";
			developmentRegion = en;
			hasScannedForEncodings = 0;
			knownRegions = (
				en,
				Base,
			);
			mainGroup = 2222D51628A7FDBE00C0EF1D;
			productRefGroup = 2222D52028A7FDBE00C0EF1D /* Products */;
			projectDirPath = "";
			projectRoot = "";
			targets = (
				2222D51E28A7FDBE00C0EF1D /* Design Patterns Quizzler */,
				2222D53428A7FDBF00C0EF1D /* Design Patterns QuizzlerTests */,
				2222D53E28A7FDBF00C0EF1D /* Design Patterns QuizzlerUITests */,
			);
		};
/* End PBXProject section */

/* Begin PBXResourcesBuildPhase section */
		2222D51D28A7FDBE00C0EF1D /* Resources */ = {
			isa = PBXResourcesBuildPhase;
			buildActionMask = 2147483647;
			files = (
				2222D52F28A7FDBF00C0EF1D /* LaunchScreen.storyboard in Resources */,
				2222D52C28A7FDBF00C0EF1D /* Assets.xcassets in Resources */,
				2222D52A28A7FDBE00C0EF1D /* Main.storyboard in Resources */,
			);
			runOnlyForDeploymentPostprocessing = 0;
		};
		2222D53328A7FDBF00C0EF1D /* Resources */ = {
			isa = PBXResourcesBuildPhase;
			buildActionMask = 2147483647;
			files = (
			);
			runOnlyForDeploymentPostprocessing = 0;
		};
		2222D53D28A7FDBF00C0EF1D /* Resources */ = {
			isa = PBXResourcesBuildPhase;
			buildActionMask = 2147483647;
			files = (
			);
			runOnlyForDeploymentPostprocessing = 0;
		};
/* End PBXResourcesBuildPhase section */

/* Begin PBXSourcesBuildPhase section */
		2222D51B28A7FDBE00C0EF1D /* Sources */ = {
			isa = PBXSourcesBuildPhase;
			buildActionMask = 2147483647;
			files = (
				2222D52728A7FDBE00C0EF1D /* ViewController.swift in Sources */,
				2222D52328A7FDBE00C0EF1D /* AppDelegate.swift in Sources */,
				2222D52528A7FDBE00C0EF1D /* SceneDelegate.swift in Sources */,
			);
			runOnlyForDeploymentPostprocessing = 0;
		};
		2222D53128A7FDBF00C0EF1D /* Sources */ = {
			isa = PBXSourcesBuildPhase;
			buildActionMask = 2147483647;
			files = (
				2222D53A28A7FDBF00C0EF1D /* Design_Patterns_QuizzlerTests.swift in Sources */,
			);
			runOnlyForDeploymentPostprocessing = 0;
		};
		2222D53B28A7FDBF00C0EF1D /* Sources */ = {
			isa = PBXSourcesBuildPhase;
			buildActionMask = 2147483647;
			files = (
				2222D54428A7FDBF00C0EF1D /* Design_Patterns_QuizzlerUITests.swift in Sources */,
				2222D54628A7FDBF00C0EF1D /* Design_Patterns_QuizzlerUITestsLaunchTests.swift in Sources */,
			);
			runOnlyForDeploymentPostprocessing = 0;
		};
/* End PBXSourcesBuildPhase section */

/* Begin PBXTargetDependency section */
		2222D53728A7FDBF00C0EF1D /* PBXTargetDependency */ = {
			isa = PBXTargetDependency;
			target = 2222D51E28A7FDBE00C0EF1D /* Design Patterns Quizzler */;
			targetProxy = 2222D53628A7FDBF00C0EF1D /* PBXContainerItemProxy */;
		};
		2222D54128A7FDBF00C0EF1D /* PBXTargetDependency */ = {
			isa = PBXTargetDependency;
			target = 2222D51E28A7FDBE00C0EF1D /* Design Patterns Quizzler */;
			targetProxy = 2222D54028A7FDBF00C0EF1D /* PBXContainerItemProxy */;
		};
/* End PBXTargetDependency section */

/* Begin PBXVariantGroup section */
		2222D52828A7FDBE00C0EF1D /* Main.storyboard */ = {
			isa = PBXVariantGroup;
			children = (
				2222D52928A7FDBE00C0EF1D /* Base */,
			);
			name = Main.storyboard;
			sourceTree = "<group>";
		};
		2222D52D28A7FDBF00C0EF1D /* LaunchScreen.storyboard */ = {
			isa = PBXVariantGroup;
			children = (
				2222D52E28A7FDBF00C0EF1D /* Base */,
			);
			name = LaunchScreen.storyboard;
			sourceTree = "<group>";
		};
/* End PBXVariantGroup section */

/* Begin XCBuildConfiguration section */
		2222D54728A7FDBF00C0EF1D /* Debug */ = {
			isa = XCBuildConfiguration;
			buildSettings = {
				ALWAYS_SEARCH_USER_PATHS = NO;
				CLANG_ANALYZER_NONNULL = YES;
				CLANG_ANALYZER_NUMBER_OBJECT_CONVERSION = YES_AGGRESSIVE;
				CLANG_CXX_LANGUAGE_STANDARD = "gnu++17";
				CLANG_ENABLE_MODULES = YES;
				CLANG_ENABLE_OBJC_ARC = YES;
				CLANG_ENABLE_OBJC_WEAK = YES;
				CLANG_WARN_BLOCK_CAPTURE_AUTORELEASING = YES;
				CLANG_WARN_BOOL_CONVERSION = YES;
				CLANG_WARN_COMMA = YES;
				CLANG_WARN_CONSTANT_CONVERSION = YES;
				CLANG_WARN_DEPRECATED_OBJC_IMPLEMENTATIONS = YES;
				CLANG_WARN_DIRECT_OBJC_ISA_USAGE = YES_ERROR;
				CLANG_WARN_DOCUMENTATION_COMMENTS = YES;
				CLANG_WARN_EMPTY_BODY = YES;
				CLANG_WARN_ENUM_CONVERSION = YES;
				CLANG_WARN_INFINITE_RECURSION = YES;
				CLANG_WARN_INT_CONVERSION = YES;
				CLANG_WARN_NON_LITERAL_NULL_CONVERSION = YES;
				CLANG_WARN_OBJC_IMPLICIT_RETAIN_SELF = YES;
				CLANG_WARN_OBJC_LITERAL_CONVERSION = YES;
				CLANG_WARN_OBJC_ROOT_CLASS = YES_ERROR;
				CLANG_WARN_QUOTED_INCLUDE_IN_FRAMEWORK_HEADER = YES;
				CLANG_WARN_RANGE_LOOP_ANALYSIS = YES;
				CLANG_WARN_STRICT_PROTOTYPES = YES;
				CLANG_WARN_SUSPICIOUS_MOVE = YES;
				CLANG_WARN_UNGUARDED_AVAILABILITY = YES_AGGRESSIVE;
				CLANG_WARN_UNREACHABLE_CODE = YES;
				CLANG_WARN__DUPLICATE_METHOD_MATCH = YES;
				COPY_PHASE_STRIP = NO;
				DEBUG_INFORMATION_FORMAT = dwarf;
				ENABLE_STRICT_OBJC_MSGSEND = YES;
				ENABLE_TESTABILITY = YES;
				GCC_C_LANGUAGE_STANDARD = gnu11;
				GCC_DYNAMIC_NO_PIC = NO;
				GCC_NO_COMMON_BLOCKS = YES;
				GCC_OPTIMIZATION_LEVEL = 0;
				GCC_PREPROCESSOR_DEFINITIONS = (
					"DEBUG=1",
					"$(inherited)",
				);
				GCC_WARN_64_TO_32_BIT_CONVERSION = YES;
				GCC_WARN_ABOUT_RETURN_TYPE = YES_ERROR;
				GCC_WARN_UNDECLARED_SELECTOR = YES;
				GCC_WARN_UNINITIALIZED_AUTOS = YES_AGGRESSIVE;
				GCC_WARN_UNUSED_FUNCTION = YES;
				GCC_WARN_UNUSED_VARIABLE = YES;
				IPHONEOS_DEPLOYMENT_TARGET = 15.5;
				MTL_ENABLE_DEBUG_INFO = INCLUDE_SOURCE;
				MTL_FAST_MATH = YES;
				ONLY_ACTIVE_ARCH = YES;
				SDKROOT = iphoneos;
				SWIFT_ACTIVE_COMPILATION_CONDITIONS = DEBUG;
				SWIFT_OPTIMIZATION_LEVEL = "-Onone";
			};
			name = Debug;
		};
		2222D54828A7FDBF00C0EF1D /* Release */ = {
			isa = XCBuildConfiguration;
			buildSettings = {
				ALWAYS_SEARCH_USER_PATHS = NO;
				CLANG_ANALYZER_NONNULL = YES;
				CLANG_ANALYZER_NUMBER_OBJECT_CONVERSION = YES_AGGRESSIVE;
				CLANG_CXX_LANGUAGE_STANDARD = "gnu++17";
				CLANG_ENABLE_MODULES = YES;
				CLANG_ENABLE_OBJC_ARC = YES;
				CLANG_ENABLE_OBJC_WEAK = YES;
				CLANG_WARN_BLOCK_CAPTURE_AUTORELEASING = YES;
				CLANG_WARN_BOOL_CONVERSION = YES;
				CLANG_WARN_COMMA = YES;
				CLANG_WARN_CONSTANT_CONVERSION = YES;
				CLANG_WARN_DEPRECATED_OBJC_IMPLEMENTATIONS = YES;
				CLANG_WARN_DIRECT_OBJC_ISA_USAGE = YES_ERROR;
				CLANG_WARN_DOCUMENTATION_COMMENTS = YES;
				CLANG_WARN_EMPTY_BODY = YES;
				CLANG_WARN_ENUM_CONVERSION = YES;
				CLANG_WARN_INFINITE_RECURSION = YES;
				CLANG_WARN_INT_CONVERSION = YES;
				CLANG_WARN_NON_LITERAL_NULL_CONVERSION = YES;
				CLANG_WARN_OBJC_IMPLICIT_RETAIN_SELF = YES;
				CLANG_WARN_OBJC_LITERAL_CONVERSION = YES;
				CLANG_WARN_OBJC_ROOT_CLASS = YES_ERROR;
				CLANG_WARN_QUOTED_INCLUDE_IN_FRAMEWORK_HEADER = YES;
				CLANG_WARN_RANGE_LOOP_ANALYSIS = YES;
				CLANG_WARN_STRICT_PROTOTYPES = YES;
				CLANG_WARN_SUSPICIOUS_MOVE = YES;
				CLANG_WARN_UNGUARDED_AVAILABILITY = YES_AGGRESSIVE;
				CLANG_WARN_UNREACHABLE_CODE = YES;
				CLANG_WARN__DUPLICATE_METHOD_MATCH = YES;
				COPY_PHASE_STRIP = NO;
				DEBUG_INFORMATION_FORMAT = "dwarf-with-dsym";
				ENABLE_NS_ASSERTIONS = NO;
				ENABLE_STRICT_OBJC_MSGSEND = YES;
				GCC_C_LANGUAGE_STANDARD = gnu11;
				GCC_NO_COMMON_BLOCKS = YES;
				GCC_WARN_64_TO_32_BIT_CONVERSION = YES;
				GCC_WARN_ABOUT_RETURN_TYPE = YES_ERROR;
				GCC_WARN_UNDECLARED_SELECTOR = YES;
				GCC_WARN_UNINITIALIZED_AUTOS = YES_AGGRESSIVE;
				GCC_WARN_UNUSED_FUNCTION = YES;
				GCC_WARN_UNUSED_VARIABLE = YES;
				IPHONEOS_DEPLOYMENT_TARGET = 15.5;
				MTL_ENABLE_DEBUG_INFO = NO;
				MTL_FAST_MATH = YES;
				SDKROOT = iphoneos;
				SWIFT_COMPILATION_MODE = wholemodule;
				SWIFT_OPTIMIZATION_LEVEL = "-O";
				VALIDATE_PRODUCT = YES;
			};
			name = Release;
		};
		2222D54A28A7FDBF00C0EF1D /* Debug */ = {
			isa = XCBuildConfiguration;
			buildSettings = {
				ASSETCATALOG_COMPILER_APPICON_NAME = AppIcon;
				ASSETCATALOG_COMPILER_GLOBAL_ACCENT_COLOR_NAME = AccentColor;
				CODE_SIGN_STYLE = Automatic;
				CURRENT_PROJECT_VERSION = 1;
				DEVELOPMENT_TEAM = 647MFA6TDC;
				GENERATE_INFOPLIST_FILE = YES;
				INFOPLIST_FILE = "Design Patterns Quizzler/Info.plist";
				INFOPLIST_KEY_UIApplicationSupportsIndirectInputEvents = YES;
				INFOPLIST_KEY_UILaunchStoryboardName = LaunchScreen;
				INFOPLIST_KEY_UIMainStoryboardFile = Main;
				INFOPLIST_KEY_UISupportedInterfaceOrientations_iPad = "UIInterfaceOrientationPortrait UIInterfaceOrientationPortraitUpsideDown UIInterfaceOrientationLandscapeLeft UIInterfaceOrientationLandscapeRight";
				INFOPLIST_KEY_UISupportedInterfaceOrientations_iPhone = "UIInterfaceOrientationPortrait UIInterfaceOrientationLandscapeLeft UIInterfaceOrientationLandscapeRight";
				LD_RUNPATH_SEARCH_PATHS = (
					"$(inherited)",
					"@executable_path/Frameworks",
				);
				MARKETING_VERSION = 1.0;
				PRODUCT_BUNDLE_IDENTIFIER = "Sevio-Correa.Design-Patterns-Quizzler";
				PRODUCT_NAME = "$(TARGET_NAME)";
				SWIFT_EMIT_LOC_STRINGS = YES;
				SWIFT_VERSION = 5.0;
				TARGETED_DEVICE_FAMILY = "1,2";
			};
			name = Debug;
		};
		2222D54B28A7FDBF00C0EF1D /* Release */ = {
			isa = XCBuildConfiguration;
			buildSettings = {
				ASSETCATALOG_COMPILER_APPICON_NAME = AppIcon;
				ASSETCATALOG_COMPILER_GLOBAL_ACCENT_COLOR_NAME = AccentColor;
				CODE_SIGN_STYLE = Automatic;
				CURRENT_PROJECT_VERSION = 1;
				DEVELOPMENT_TEAM = 647MFA6TDC;
				GENERATE_INFOPLIST_FILE = YES;
				INFOPLIST_FILE = "Design Patterns Quizzler/Info.plist";
				INFOPLIST_KEY_UIApplicationSupportsIndirectInputEvents = YES;
				INFOPLIST_KEY_UILaunchStoryboardName = LaunchScreen;
				INFOPLIST_KEY_UIMainStoryboardFile = Main;
				INFOPLIST_KEY_UISupportedInterfaceOrientations_iPad = "UIInterfaceOrientationPortrait UIInterfaceOrientationPortraitUpsideDown UIInterfaceOrientationLandscapeLeft UIInterfaceOrientationLandscapeRight";
				INFOPLIST_KEY_UISupportedInterfaceOrientations_iPhone = "UIInterfaceOrientationPortrait UIInterfaceOrientationLandscapeLeft UIInterfaceOrientationLandscapeRight";
				LD_RUNPATH_SEARCH_PATHS = (
					"$(inherited)",
					"@executable_path/Frameworks",
				);
				MARKETING_VERSION = 1.0;
				PRODUCT_BUNDLE_IDENTIFIER = "Sevio-Correa.Design-Patterns-Quizzler";
				PRODUCT_NAME = "$(TARGET_NAME)";
				SWIFT_EMIT_LOC_STRINGS = YES;
				SWIFT_VERSION = 5.0;
				TARGETED_DEVICE_FAMILY = "1,2";
			};
			name = Release;
		};
		2222D54D28A7FDBF00C0EF1D /* Debug */ = {
			isa = XCBuildConfiguration;
			buildSettings = {
				ALWAYS_EMBED_SWIFT_STANDARD_LIBRARIES = YES;
				BUNDLE_LOADER = "$(TEST_HOST)";
				CODE_SIGN_STYLE = Automatic;
				CURRENT_PROJECT_VERSION = 1;
				DEVELOPMENT_TEAM = 647MFA6TDC;
				GENERATE_INFOPLIST_FILE = YES;
				IPHONEOS_DEPLOYMENT_TARGET = 15.5;
				MARKETING_VERSION = 1.0;
				PRODUCT_BUNDLE_IDENTIFIER = "Sevio-Correa.Design-Patterns-QuizzlerTests";
				PRODUCT_NAME = "$(TARGET_NAME)";
				SWIFT_EMIT_LOC_STRINGS = NO;
				SWIFT_VERSION = 5.0;
				TARGETED_DEVICE_FAMILY = "1,2";
				TEST_HOST = "$(BUILT_PRODUCTS_DIR)/Design Patterns Quizzler.app/Design Patterns Quizzler";
			};
			name = Debug;
		};
		2222D54E28A7FDBF00C0EF1D /* Release */ = {
			isa = XCBuildConfiguration;
			buildSettings = {
				ALWAYS_EMBED_SWIFT_STANDARD_LIBRARIES = YES;
				BUNDLE_LOADER = "$(TEST_HOST)";
				CODE_SIGN_STYLE = Automatic;
				CURRENT_PROJECT_VERSION = 1;
				DEVELOPMENT_TEAM = 647MFA6TDC;
				GENERATE_INFOPLIST_FILE = YES;
				IPHONEOS_DEPLOYMENT_TARGET = 15.5;
				MARKETING_VERSION = 1.0;
				PRODUCT_BUNDLE_IDENTIFIER = "Sevio-Correa.Design-Patterns-QuizzlerTests";
				PRODUCT_NAME = "$(TARGET_NAME)";
				SWIFT_EMIT_LOC_STRINGS = NO;
				SWIFT_VERSION = 5.0;
				TARGETED_DEVICE_FAMILY = "1,2";
				TEST_HOST = "$(BUILT_PRODUCTS_DIR)/Design Patterns Quizzler.app/Design Patterns Quizzler";
			};
			name = Release;
		};
		2222D55028A7FDBF00C0EF1D /* Debug */ = {
			isa = XCBuildConfiguration;
			buildSettings = {
				ALWAYS_EMBED_SWIFT_STANDARD_LIBRARIES = YES;
				CODE_SIGN_STYLE = Automatic;
				CURRENT_PROJECT_VERSION = 1;
				DEVELOPMENT_TEAM = 647MFA6TDC;
				GENERATE_INFOPLIST_FILE = YES;
				MARKETING_VERSION = 1.0;
				PRODUCT_BUNDLE_IDENTIFIER = "Sevio-Correa.Design-Patterns-QuizzlerUITests";
				PRODUCT_NAME = "$(TARGET_NAME)";
				SWIFT_EMIT_LOC_STRINGS = NO;
				SWIFT_VERSION = 5.0;
				TARGETED_DEVICE_FAMILY = "1,2";
				TEST_TARGET_NAME = "Design Patterns Quizzler";
			};
			name = Debug;
		};
		2222D55128A7FDBF00C0EF1D /* Release */ = {
			isa = XCBuildConfiguration;
			buildSettings = {
				ALWAYS_EMBED_SWIFT_STANDARD_LIBRARIES = YES;
				CODE_SIGN_STYLE = Automatic;
				CURRENT_PROJECT_VERSION = 1;
				DEVELOPMENT_TEAM = 647MFA6TDC;
				GENERATE_INFOPLIST_FILE = YES;
				MARKETING_VERSION = 1.0;
				PRODUCT_BUNDLE_IDENTIFIER = "Sevio-Correa.Design-Patterns-QuizzlerUITests";
				PRODUCT_NAME = "$(TARGET_NAME)";
				SWIFT_EMIT_LOC_STRINGS = NO;
				SWIFT_VERSION = 5.0;
				TARGETED_DEVICE_FAMILY = "1,2";
				TEST_TARGET_NAME = "Design Patterns Quizzler";
			};
			name = Release;
		};
/* End XCBuildConfiguration section */

/* Begin XCConfigurationList section */
		2222D51A28A7FDBE00C0EF1D /* Build configuration list for PBXProject "Design Patterns Quizzler" */ = {
			isa = XCConfigurationList;
			buildConfigurations = (
				2222D54728A7FDBF00C0EF1D /* Debug */,
				2222D54828A7FDBF00C0EF1D /* Release */,
			);
			defaultConfigurationIsVisible = 0;
			defaultConfigurationName = Release;
		};
		2222D54928A7FDBF00C0EF1D /* Build configuration list for PBXNativeTarget "Design Patterns Quizzler" */ = {
			isa = XCConfigurationList;
			buildConfigurations = (
				2222D54A28A7FDBF00C0EF1D /* Debug */,
				2222D54B28A7FDBF00C0EF1D /* Release */,
			);
			defaultConfigurationIsVisible = 0;
			defaultConfigurationName = Release;
		};
		2222D54C28A7FDBF00C0EF1D /* Build configuration list for PBXNativeTarget "Design Patterns QuizzlerTests" */ = {
			isa = XCConfigurationList;
			buildConfigurations = (
				2222D54D28A7FDBF00C0EF1D /* Debug */,
				2222D54E28A7FDBF00C0EF1D /* Release */,
			);
			defaultConfigurationIsVisible = 0;
			defaultConfigurationName = Release;
		};
		2222D54F28A7FDBF00C0EF1D /* Build configuration list for PBXNativeTarget "Design Patterns QuizzlerUITests" */ = {
			isa = XCConfigurationList;
			buildConfigurations = (
				2222D55028A7FDBF00C0EF1D /* Debug */,
				2222D55128A7FDBF00C0EF1D /* Release */,
			);
			defaultConfigurationIsVisible = 0;
			defaultConfigurationName = Release;
		};
/* End XCConfigurationList section */
	};
	rootObject = 2222D51728A7FDBE00C0EF1D /* Project object */;
}
